// !$*UTF8*$!
{
	archiveVersion = 1;
	classes = {
	};
	objectVersion = 46;
	objects = {

/* Begin PBXBuildFile section */
		2EF100001B81910200E0C28D /* AppDelegate.m in Sources */ = {isa = PBXBuildFile; fileRef = 2EF1FFFF1B81910200E0C28D /* AppDelegate.m */; };
		2EF100061B81910200E0C28D /* Main.storyboard in Resources */ = {isa = PBXBuildFile; fileRef = 2EF100041B81910200E0C28D /* Main.storyboard */; };
		2EF100081B81910200E0C28D /* Images.xcassets in Resources */ = {isa = PBXBuildFile; fileRef = 2EF100071B81910200E0C28D /* Images.xcassets */; };
		2EF1000B1B81910200E0C28D /* LaunchScreen.xib in Resources */ = {isa = PBXBuildFile; fileRef = 2EF100091B81910200E0C28D /* LaunchScreen.xib */; };
		2EF100171B81910200E0C28D /* LayerPlayerOcTests.m in Sources */ = {isa = PBXBuildFile; fileRef = 2EF100161B81910200E0C28D /* LayerPlayerOcTests.m */; };
		2EF100251B81AD6C00E0C28D /* ClassListViewController.m in Sources */ = {isa = PBXBuildFile; fileRef = 2EF100241B81AD6C00E0C28D /* ClassListViewController.m */; };
		2EF100281B81B3A500E0C28D /* CALayerViewController.m in Sources */ = {isa = PBXBuildFile; fileRef = 2EF100271B81B3A500E0C28D /* CALayerViewController.m */; };
		2EF1002B1B81B52E00E0C28D /* CALayerControlsViewController.m in Sources */ = {isa = PBXBuildFile; fileRef = 2EF1002A1B81B52E00E0C28D /* CALayerControlsViewController.m */; };
		2EF1FFFD1B81910200E0C28D /* main.m in Sources */ = {isa = PBXBuildFile; fileRef = 2EF1FFFC1B81910200E0C28D /* main.m */; };
/* End PBXBuildFile section */

/* Begin PBXContainerItemProxy section */
		2EF100111B81910200E0C28D /* PBXContainerItemProxy */ = {
			isa = PBXContainerItemProxy;
			containerPortal = 2EF1FFEF1B81910200E0C28D /* Project object */;
			proxyType = 1;
			remoteGlobalIDString = 2EF1FFF61B81910200E0C28D;
			remoteInfo = LayerPlayerOc;
		};
/* End PBXContainerItemProxy section */

/* Begin PBXFileReference section */
		2EF100051B81910200E0C28D /* Base */ = {isa = PBXFileReference; lastKnownFileType = file.storyboard; name = Base; path = Base.lproj/Main.storyboard; sourceTree = "<group>"; };
		2EF100071B81910200E0C28D /* Images.xcassets */ = {isa = PBXFileReference; lastKnownFileType = folder.assetcatalog; path = Images.xcassets; sourceTree = "<group>"; };
		2EF1000A1B81910200E0C28D /* Base */ = {isa = PBXFileReference; lastKnownFileType = file.xib; name = Base; path = Base.lproj/LaunchScreen.xib; sourceTree = "<group>"; };
		2EF100101B81910200E0C28D /* LayerPlayerOcTests.xctest */ = {isa = PBXFileReference; explicitFileType = wrapper.cfbundle; includeInIndex = 0; path = LayerPlayerOcTests.xctest; sourceTree = BUILT_PRODUCTS_DIR; };
		2EF100151B81910200E0C28D /* Info.plist */ = {isa = PBXFileReference; lastKnownFileType = text.plist.xml; path = Info.plist; sourceTree = "<group>"; };
		2EF100161B81910200E0C28D /* LayerPlayerOcTests.m */ = {isa = PBXFileReference; lastKnownFileType = sourcecode.c.objc; path = LayerPlayerOcTests.m; sourceTree = "<group>"; };
		2EF100231B81AD6C00E0C28D /* ClassListViewController.h */ = {isa = PBXFileReference; fileEncoding = 4; lastKnownFileType = sourcecode.c.h; path = ClassListViewController.h; sourceTree = "<group>"; };
		2EF100241B81AD6C00E0C28D /* ClassListViewController.m */ = {isa = PBXFileReference; fileEncoding = 4; lastKnownFileType = sourcecode.c.objc; path = ClassListViewController.m; sourceTree = "<group>"; };
		2EF100261B81B3A500E0C28D /* CALayerViewController.h */ = {isa = PBXFileReference; fileEncoding = 4; lastKnownFileType = sourcecode.c.h; path = CALayerViewController.h; sourceTree = "<group>"; };
		2EF100271B81B3A500E0C28D /* CALayerViewController.m */ = {isa = PBXFileReference; fileEncoding = 4; lastKnownFileType = sourcecode.c.objc; path = CALayerViewController.m; sourceTree = "<group>"; };
		2EF100291B81B52D00E0C28D /* CALayerControlsViewController.h */ = {isa = PBXFileReference; fileEncoding = 4; lastKnownFileType = sourcecode.c.h; path = CALayerControlsViewController.h; sourceTree = "<group>"; };
		2EF1002A1B81B52E00E0C28D /* CALayerControlsViewController.m */ = {isa = PBXFileReference; fileEncoding = 4; lastKnownFileType = sourcecode.c.objc; path = CALayerControlsViewController.m; sourceTree = "<group>"; };
		2EF1FFF71B81910200E0C28D /* LayerPlayerOc.app */ = {isa = PBXFileReference; explicitFileType = wrapper.application; includeInIndex = 0; path = LayerPlayerOc.app; sourceTree = BUILT_PRODUCTS_DIR; };
		2EF1FFFB1B81910200E0C28D /* Info.plist */ = {isa = PBXFileReference; lastKnownFileType = text.plist.xml; path = Info.plist; sourceTree = "<group>"; };
		2EF1FFFC1B81910200E0C28D /* main.m */ = {isa = PBXFileReference; lastKnownFileType = sourcecode.c.objc; path = main.m; sourceTree = "<group>"; };
		2EF1FFFE1B81910200E0C28D /* AppDelegate.h */ = {isa = PBXFileReference; lastKnownFileType = sourcecode.c.h; path = AppDelegate.h; sourceTree = "<group>"; };
		2EF1FFFF1B81910200E0C28D /* AppDelegate.m */ = {isa = PBXFileReference; lastKnownFileType = sourcecode.c.objc; path = AppDelegate.m; sourceTree = "<group>"; };
/* End PBXFileReference section */

/* Begin PBXFrameworksBuildPhase section */
		2EF1000D1B81910200E0C28D /* Frameworks */ = {
			isa = PBXFrameworksBuildPhase;
			buildActionMask = 2147483647;
			files = (
			);
			runOnlyForDeploymentPostprocessing = 0;
		};
		2EF1FFF41B81910200E0C28D /* Frameworks */ = {
			isa = PBXFrameworksBuildPhase;
			buildActionMask = 2147483647;
			files = (
			);
			runOnlyForDeploymentPostprocessing = 0;
		};
/* End PBXFrameworksBuildPhase section */

/* Begin PBXGroup section */
		2EF100131B81910200E0C28D /* LayerPlayerOcTests */ = {
			isa = PBXGroup;
			children = (
				2EF100161B81910200E0C28D /* LayerPlayerOcTests.m */,
				2EF100141B81910200E0C28D /* Supporting Files */,
			);
			path = LayerPlayerOcTests;
			sourceTree = "<group>";
		};
		2EF100141B81910200E0C28D /* Supporting Files */ = {
			isa = PBXGroup;
			children = (
				2EF100151B81910200E0C28D /* Info.plist */,
			);
			name = "Supporting Files";
			sourceTree = "<group>";
		};
		2EF100201B81AB3000E0C28D /* Models */ = {
			isa = PBXGroup;
			children = (
			);
			name = Models;
			sourceTree = "<group>";
		};
		2EF100211B81AB3400E0C28D /* Views */ = {
			isa = PBXGroup;
			children = (
				2EF100041B81910200E0C28D /* Main.storyboard */,
			);
			name = Views;
			sourceTree = "<group>";
		};
		2EF100221B81AB3800E0C28D /* Controllers */ = {
			isa = PBXGroup;
			children = (
				2EF100231B81AD6C00E0C28D /* ClassListViewController.h */,
				2EF100241B81AD6C00E0C28D /* ClassListViewController.m */,
				2EF100261B81B3A500E0C28D /* CALayerViewController.h */,
				2EF100271B81B3A500E0C28D /* CALayerViewController.m */,
				2EF100291B81B52D00E0C28D /* CALayerControlsViewController.h */,
				2EF1002A1B81B52E00E0C28D /* CALayerControlsViewController.m */,
			);
			name = Controllers;
			sourceTree = "<group>";
		};
		2EF1FFEE1B81910200E0C28D = {
			isa = PBXGroup;
			children = (
				2EF1FFF91B81910200E0C28D /* LayerPlayerOc */,
				2EF100131B81910200E0C28D /* LayerPlayerOcTests */,
				2EF1FFF81B81910200E0C28D /* Products */,
			);
			sourceTree = "<group>";
		};
		2EF1FFF81B81910200E0C28D /* Products */ = {
			isa = PBXGroup;
			children = (
				2EF1FFF71B81910200E0C28D /* LayerPlayerOc.app */,
				2EF100101B81910200E0C28D /* LayerPlayerOcTests.xctest */,
			);
			name = Products;
			sourceTree = "<group>";
		};
		2EF1FFF91B81910200E0C28D /* LayerPlayerOc */ = {
			isa = PBXGroup;
			children = (
				2EF100221B81AB3800E0C28D /* Controllers */,
				2EF100211B81AB3400E0C28D /* Views */,
				2EF100201B81AB3000E0C28D /* Models */,
				2EF1FFFA1B81910200E0C28D /* Supporting Files */,
			);
			path = LayerPlayerOc;
			sourceTree = "<group>";
		};
		2EF1FFFA1B81910200E0C28D /* Supporting Files */ = {
			isa = PBXGroup;
			children = (
				2EF1FFFE1B81910200E0C28D /* AppDelegate.h */,
				2EF1FFFF1B81910200E0C28D /* AppDelegate.m */,
				2EF100071B81910200E0C28D /* Images.xcassets */,
				2EF100091B81910200E0C28D /* LaunchScreen.xib */,
				2EF1FFFB1B81910200E0C28D /* Info.plist */,
				2EF1FFFC1B81910200E0C28D /* main.m */,
			);
			name = "Supporting Files";
			sourceTree = "<group>";
		};
/* End PBXGroup section */

/* Begin PBXNativeTarget section */
		2EF1000F1B81910200E0C28D /* LayerPlayerOcTests */ = {
			isa = PBXNativeTarget;
			buildConfigurationList = 2EF1001D1B81910200E0C28D /* Build configuration list for PBXNativeTarget "LayerPlayerOcTests" */;
			buildPhases = (
				2EF1000C1B81910200E0C28D /* Sources */,
				2EF1000D1B81910200E0C28D /* Frameworks */,
				2EF1000E1B81910200E0C28D /* Resources */,
			);
			buildRules = (
			);
			dependencies = (
				2EF100121B81910200E0C28D /* PBXTargetDependency */,
			);
			name = LayerPlayerOcTests;
			productName = LayerPlayerOcTests;
			productReference = 2EF100101B81910200E0C28D /* LayerPlayerOcTests.xctest */;
			productType = "com.apple.product-type.bundle.unit-test";
		};
		2EF1FFF61B81910200E0C28D /* LayerPlayerOc */ = {
			isa = PBXNativeTarget;
			buildConfigurationList = 2EF1001A1B81910200E0C28D /* Build configuration list for PBXNativeTarget "LayerPlayerOc" */;
			buildPhases = (
				2EF1FFF31B81910200E0C28D /* Sources */,
				2EF1FFF41B81910200E0C28D /* Frameworks */,
				2EF1FFF51B81910200E0C28D /* Resources */,
			);
			buildRules = (
			);
			dependencies = (
			);
			name = LayerPlayerOc;
			productName = LayerPlayerOc;
			productReference = 2EF1FFF71B81910200E0C28D /* LayerPlayerOc.app */;
			productType = "com.apple.product-type.application";
		};
/* End PBXNativeTarget section */

/* Begin PBXProject section */
		2EF1FFEF1B81910200E0C28D /* Project object */ = {
			isa = PBXProject;
			attributes = {
				LastUpgradeCheck = 0640;
				ORGANIZATIONNAME = WymanY;
				TargetAttributes = {
					2EF1000F1B81910200E0C28D = {
						CreatedOnToolsVersion = 6.4;
						TestTargetID = 2EF1FFF61B81910200E0C28D;
					};
					2EF1FFF61B81910200E0C28D = {
						CreatedOnToolsVersion = 6.4;
					};
				};
			};
			buildConfigurationList = 2EF1FFF21B81910200E0C28D /* Build configuration list for PBXProject "LayerPlayerOc" */;
			compatibilityVersion = "Xcode 3.2";
			developmentRegion = English;
			hasScannedForEncodings = 0;
			knownRegions = (
				en,
				Base,
			);
			mainGroup = 2EF1FFEE1B81910200E0C28D;
			productRefGroup = 2EF1FFF81B81910200E0C28D /* Products */;
			projectDirPath = "";
			projectRoot = "";
			targets = (
				2EF1FFF61B81910200E0C28D /* LayerPlayerOc */,
				2EF1000F1B81910200E0C28D /* LayerPlayerOcTests */,
			);
		};
/* End PBXProject section */

/* Begin PBXResourcesBuildPhase section */
		2EF1000E1B81910200E0C28D /* Resources */ = {
			isa = PBXResourcesBuildPhase;
			buildActionMask = 2147483647;
			files = (
			);
			runOnlyForDeploymentPostprocessing = 0;
		};
		2EF1FFF51B81910200E0C28D /* Resources */ = {
			isa = PBXResourcesBuildPhase;
			buildActionMask = 2147483647;
			files = (
				2EF100061B81910200E0C28D /* Main.storyboard in Resources */,
				2EF1000B1B81910200E0C28D /* LaunchScreen.xib in Resources */,
				2EF100081B81910200E0C28D /* Images.xcassets in Resources */,
			);
			runOnlyForDeploymentPostprocessing = 0;
		};
/* End PBXResourcesBuildPhase section */

/* Begin PBXSourcesBuildPhase section */
		2EF1000C1B81910200E0C28D /* Sources */ = {
			isa = PBXSourcesBuildPhase;
			buildActionMask = 2147483647;
			files = (
				2EF100171B81910200E0C28D /* LayerPlayerOcTests.m in Sources */,
			);
			runOnlyForDeploymentPostprocessing = 0;
		};
		2EF1FFF31B81910200E0C28D /* Sources */ = {
			isa = PBXSourcesBuildPhase;
			buildActionMask = 2147483647;
			files = (
				2EF1002B1B81B52E00E0C28D /* CALayerControlsViewController.m in Sources */,
				2EF100251B81AD6C00E0C28D /* ClassListViewController.m in Sources */,
				2EF100001B81910200E0C28D /* AppDelegate.m in Sources */,
				2EF100281B81B3A500E0C28D /* CALayerViewController.m in Sources */,
				2EF1FFFD1B81910200E0C28D /* main.m in Sources */,
			);
			runOnlyForDeploymentPostprocessing = 0;
		};
/* End PBXSourcesBuildPhase section */

/* Begin PBXTargetDependency section */
		2EF100121B81910200E0C28D /* PBXTargetDependency */ = {
			isa = PBXTargetDependency;
			target = 2EF1FFF61B81910200E0C28D /* LayerPlayerOc */;
			targetProxy = 2EF100111B81910200E0C28D /* PBXContainerItemProxy */;
		};
/* End PBXTargetDependency section */

/* Begin PBXVariantGroup section */
		2EF100041B81910200E0C28D /* Main.storyboard */ = {
			isa = PBXVariantGroup;
			children = (
				2EF100051B81910200E0C28D /* Base */,
			);
			name = Main.storyboard;
			sourceTree = "<group>";
		};
		2EF100091B81910200E0C28D /* LaunchScreen.xib */ = {
			isa = PBXVariantGroup;
			children = (
				2EF1000A1B81910200E0C28D /* Base */,
			);
			name = LaunchScreen.xib;
			sourceTree = "<group>";
		};
/* End PBXVariantGroup section */

/* Begin XCBuildConfiguration section */
		2EF100181B81910200E0C28D /* Debug */ = {
			isa = XCBuildConfiguration;
			buildSettings = {
				ALWAYS_SEARCH_USER_PATHS = NO;
				CLANG_CXX_LANGUAGE_STANDARD = "gnu++0x";
				CLANG_CXX_LIBRARY = "libc++";
				CLANG_ENABLE_MODULES = YES;
				CLANG_ENABLE_OBJC_ARC = YES;
				CLANG_WARN_BOOL_CONVERSION = YES;
				CLANG_WARN_CONSTANT_CONVERSION = YES;
				CLANG_WARN_DIRECT_OBJC_ISA_USAGE = YES_ERROR;
				CLANG_WARN_EMPTY_BODY = YES;
				CLANG_WARN_ENUM_CONVERSION = YES;
				CLANG_WARN_INT_CONVERSION = YES;
				CLANG_WARN_OBJC_ROOT_CLASS = YES_ERROR;
				CLANG_WARN_UNREACHABLE_CODE = YES;
				CLANG_WARN__DUPLICATE_METHOD_MATCH = YES;
				"CODE_SIGN_IDENTITY[sdk=iphoneos*]" = "iPhone Developer";
				COPY_PHASE_STRIP = NO;
				DEBUG_INFORMATION_FORMAT = "dwarf-with-dsym";
				ENABLE_STRICT_OBJC_MSGSEND = YES;
				GCC_C_LANGUAGE_STANDARD = gnu99;
				GCC_DYNAMIC_NO_PIC = NO;
				GCC_NO_COMMON_BLOCKS = YES;
				GCC_OPTIMIZATION_LEVEL = 0;
				GCC_PREPROCESSOR_DEFINITIONS = (
					"DEBUG=1",
					"$(inherited)",
				);
				GCC_SYMBOLS_PRIVATE_EXTERN = NO;
				GCC_WARN_64_TO_32_BIT_CONVERSION = YES;
				GCC_WARN_ABOUT_RETURN_TYPE = YES_ERROR;
				GCC_WARN_UNDECLARED_SELECTOR = YES;
				GCC_WARN_UNINITIALIZED_AUTOS = YES_AGGRESSIVE;
				GCC_WARN_UNUSED_FUNCTION = YES;
				GCC_WARN_UNUSED_VARIABLE = YES;
				IPHONEOS_DEPLOYMENT_TARGET = 8.4;
				MTL_ENABLE_DEBUG_INFO = YES;
				ONLY_ACTIVE_ARCH = YES;
				SDKROOT = iphoneos;
				TARGETED_DEVICE_FAMILY = "1,2";
			};
			name = Debug;
		};
		2EF100191B81910200E0C28D /* Release */ = {
			isa = XCBuildConfiguration;
			buildSettings = {
				ALWAYS_SEARCH_USER_PATHS = NO;
				CLANG_CXX_LANGUAGE_STANDARD = "gnu++0x";
				CLANG_CXX_LIBRARY = "libc++";
				CLANG_ENABLE_MODULES = YES;
				CLANG_ENABLE_OBJC_ARC = YES;
				CLANG_WARN_BOOL_CONVERSION = YES;
				CLANG_WARN_CONSTANT_CONVERSION = YES;
				CLANG_WARN_DIRECT_OBJC_ISA_USAGE = YES_ERROR;
				CLANG_WARN_EMPTY_BODY = YES;
				CLANG_WARN_ENUM_CONVERSION = YES;
				CLANG_WARN_INT_CONVERSION = YES;
				CLANG_WARN_OBJC_ROOT_CLASS = YES_ERROR;
				CLANG_WARN_UNREACHABLE_CODE = YES;
				CLANG_WARN__DUPLICATE_METHOD_MATCH = YES;
				"CODE_SIGN_IDENTITY[sdk=iphoneos*]" = "iPhone Developer";
				COPY_PHASE_STRIP = NO;
				DEBUG_INFORMATION_FORMAT = "dwarf-with-dsym";
				ENABLE_NS_ASSERTIONS = NO;
				ENABLE_STRICT_OBJC_MSGSEND = YES;
				GCC_C_LANGUAGE_STANDARD = gnu99;
				GCC_NO_COMMON_BLOCKS = YES;
				GCC_WARN_64_TO_32_BIT_CONVERSION = YES;
				GCC_WARN_ABOUT_RETURN_TYPE = YES_ERROR;
				GCC_WARN_UNDECLARED_SELECTOR = YES;
				GCC_WARN_UNINITIALIZED_AUTOS = YES_AGGRESSIVE;
				GCC_WARN_UNUSED_FUNCTION = YES;
				GCC_WARN_UNUSED_VARIABLE = YES;
				IPHONEOS_DEPLOYMENT_TARGET = 8.4;
				MTL_ENABLE_DEBUG_INFO = NO;
				SDKROOT = iphoneos;
				TARGETED_DEVICE_FAMILY = "1,2";
				VALIDATE_PRODUCT = YES;
			};
			name = Release;
		};
		2EF1001B1B81910200E0C28D /* Debug */ = {
			isa = XCBuildConfiguration;
			buildSettings = {
				ASSETCATALOG_COMPILER_APPICON_NAME = AppIcon;
				INFOPLIST_FILE = LayerPlayerOc/Info.plist;
				LD_RUNPATH_SEARCH_PATHS = "$(inherited) @executable_path/Frameworks";
				PRODUCT_NAME = "$(TARGET_NAME)";
			};
			name = Debug;
		};
		2EF1001C1B81910200E0C28D /* Release */ = {
			isa = XCBuildConfiguration;
			buildSettings = {
				ASSETCATALOG_COMPILER_APPICON_NAME = AppIcon;
				INFOPLIST_FILE = LayerPlayerOc/Info.plist;
				LD_RUNPATH_SEARCH_PATHS = "$(inherited) @executable_path/Frameworks";
				PRODUCT_NAME = "$(TARGET_NAME)";
			};
			name = Release;
		};
		2EF1001E1B81910200E0C28D /* Debug */ = {
			isa = XCBuildConfiguration;
			buildSettings = {
				BUNDLE_LOADER = "$(TEST_HOST)";
				FRAMEWORK_SEARCH_PATHS = (
					"$(SDKROOT)/Developer/Library/Frameworks",
					"$(inherited)",
				);
				GCC_PREPROCESSOR_DEFINITIONS = (
					"DEBUG=1",
					"$(inherited)",
				);
				INFOPLIST_FILE = LayerPlayerOcTests/Info.plist;
				LD_RUNPATH_SEARCH_PATHS = "$(inherited) @executable_path/Frameworks @loader_path/Frameworks";
				PRODUCT_NAME = "$(TARGET_NAME)";
				TEST_HOST = "$(BUILT_PRODUCTS_DIR)/LayerPlayerOc.app/LayerPlayerOc";
			};
			name = Debug;
		};
		2EF1001F1B81910200E0C28D /* Release */ = {
			isa = XCBuildConfiguration;
			buildSettings = {
				BUNDLE_LOADER = "$(TEST_HOST)";
				FRAMEWORK_SEARCH_PATHS = (
					"$(SDKROOT)/Developer/Library/Frameworks",
					"$(inherited)",
				);
				INFOPLIST_FILE = LayerPlayerOcTests/Info.plist;
				LD_RUNPATH_SEARCH_PATHS = "$(inherited) @executable_path/Frameworks @loader_path/Frameworks";
				PRODUCT_NAME = "$(TARGET_NAME)";
				TEST_HOST = "$(BUILT_PRODUCTS_DIR)/LayerPlayerOc.app/LayerPlayerOc";
			};
			name = Release;
		};
/* End XCBuildConfiguration section */

/* Begin XCConfigurationList section */
		2EF1001A1B81910200E0C28D /* Build configuration list for PBXNativeTarget "LayerPlayerOc" */ = {
			isa = XCConfigurationList;
			buildConfigurations = (
				2EF1001B1B81910200E0C28D /* Debug */,
				2EF1001C1B81910200E0C28D /* Release */,
			);
			defaultConfigurationIsVisible = 0;
		};
		2EF1001D1B81910200E0C28D /* Build configuration list for PBXNativeTarget "LayerPlayerOcTests" */ = {
			isa = XCConfigurationList;
			buildConfigurations = (
				2EF1001E1B81910200E0C28D /* Debug */,
				2EF1001F1B81910200E0C28D /* Release */,
			);
			defaultConfigurationIsVisible = 0;
		};
		2EF1FFF21B81910200E0C28D /* Build configuration list for PBXProject "LayerPlayerOc" */ = {
			isa = XCConfigurationList;
			buildConfigurations = (
				2EF100181B81910200E0C28D /* Debug */,
				2EF100191B81910200E0C28D /* Release */,
			);
			defaultConfigurationIsVisible = 0;
			defaultConfigurationName = Release;
		};
/* End XCConfigurationList section */
	};
	rootObject = 2EF1FFEF1B81910200E0C28D /* Project object */;
}
